
Microsoft Visual Studio Solution File, Format Version 12.00
# Visual Studio Version 16
VisualStudioVersion = 16.0.30309.148
MinimumVisualStudioVersion = 10.0.40219.1
Project("{FAE04EC0-301F-11D3-BF4B-00C04F79EFBC}") = "GitHubDemo2", "GitHubDemo2\GitHubDemo2.csproj", "{BF113115-C4AD-4C4F-9FC2-B1739DD172AF}"
EndProject
Global
	GlobalSection(SolutionConfigurationPlatforms) = preSolution
		Debug|Any CPU = Debug|Any CPU
		Release|Any CPU = Release|Any CPU
	EndGlobalSection
	GlobalSection(ProjectConfigurationPlatforms) = postSolution
		{BF113115-C4AD-4C4F-9FC2-B1739DD172AF}.Debug|Any CPU.ActiveCfg = Debug|Any CPU
		{BF113115-C4AD-4C4F-9FC2-B1739DD172AF}.Debug|Any CPU.Build.0 = Debug|Any CPU
		{BF113115-C4AD-4C4F-9FC2-B1739DD172AF}.Release|Any CPU.ActiveCfg = Release|Any CPU
		{BF113115-C4AD-4C4F-9FC2-B1739DD172AF}.Release|Any CPU.Build.0 = Release|Any CPU
	EndGlobalSection
	GlobalSection(SolutionProperties) = preSolution
		HideSolutionNode = FALSE
	EndGlobalSection
	GlobalSection(ExtensibilityGlobals) = postSolution
		SolutionGuid = {7F99E23F-1128-42E3-8DFF-093D6C9E1212}
	EndGlobalSection
EndGlobal
